
Microsoft Visual Studio Solution File, Format Version 12.00
# Visual Studio Version 17
VisualStudioVersion = 17.6.33815.320
MinimumVisualStudioVersion = 10.0.40219.1
Project("{FAE04EC0-301F-11D3-BF4B-00C04F79EFBC}") = "Palindrome", "Palindrome\Palindrome.csproj", "{AE66AB77-B864-4D68-AE7B-50D03A2E34E8}"
EndProject
Global
	GlobalSection(SolutionConfigurationPlatforms) = preSolution
		Debug|Any CPU = Debug|Any CPU
		Release|Any CPU = Release|Any CPU
	EndGlobalSection
	GlobalSection(ProjectConfigurationPlatforms) = postSolution
		{AE66AB77-B864-4D68-AE7B-50D03A2E34E8}.Debug|Any CPU.ActiveCfg = Debug|Any CPU
		{AE66AB77-B864-4D68-AE7B-50D03A2E34E8}.Debug|Any CPU.Build.0 = Debug|Any CPU
		{AE66AB77-B864-4D68-AE7B-50D03A2E34E8}.Release|Any CPU.ActiveCfg = Release|Any CPU
		{AE66AB77-B864-4D68-AE7B-50D03A2E34E8}.Release|Any CPU.Build.0 = Release|Any CPU
	EndGlobalSection
	GlobalSection(SolutionProperties) = preSolution
		HideSolutionNode = FALSE
	EndGlobalSection
	GlobalSection(ExtensibilityGlobals) = postSolution
		SolutionGuid = {E065C7DE-FDC9-437F-92E9-A6D25FC75D05}
	EndGlobalSection
EndGlobal
